
Microsoft Visual Studio Solution File, Format Version 12.00
# Visual Studio Version 17
VisualStudioVersion = 17.1.32414.318
MinimumVisualStudioVersion = 10.0.40219.1
Project("{9A19103F-16F7-4668-BE54-9A1E7A4F7556}") = "BA.BoiseAutoMetric", "BA.BoiseAutoMetric\BA.BoiseAutoMetric.csproj", "{5217B835-95EC-4449-BE63-DE0D164FD740}"
EndProject
Global
	GlobalSection(SolutionConfigurationPlatforms) = preSolution
		Debug|Any CPU = Debug|Any CPU
		Release|Any CPU = Release|Any CPU
	EndGlobalSection
	GlobalSection(ProjectConfigurationPlatforms) = postSolution
		{5217B835-95EC-4449-BE63-DE0D164FD740}.Debug|Any CPU.ActiveCfg = Debug|Any CPU
		{5217B835-95EC-4449-BE63-DE0D164FD740}.Debug|Any CPU.Build.0 = Debug|Any CPU
		{5217B835-95EC-4449-BE63-DE0D164FD740}.Release|Any CPU.ActiveCfg = Release|Any CPU
		{5217B835-95EC-4449-BE63-DE0D164FD740}.Release|Any CPU.Build.0 = Release|Any CPU
	EndGlobalSection
	GlobalSection(SolutionProperties) = preSolution
		HideSolutionNode = FALSE
	EndGlobalSection
	GlobalSection(ExtensibilityGlobals) = postSolution
		SolutionGuid = {7AC33FC0-03E9-4108-85A3-87029FDD1A19}
	EndGlobalSection
EndGlobal
